{
  "name": "flowrunner-service",
  "version": "1.0.0",
  "lockfileVersion": 3,
  "requires": true,
  "packages": {
    "": {
      "name": "flowrunner-service",
      "version": "1.0.0",
      "license": "MIT",
      "dependencies": {
        "parse-gmail-email": "^1.1.1"
      },
      "devDependencies": {}
    },
    "node_modules/addressparser": {
      "version": "0.3.2",
      "resolved": "https://registry.npmjs.org/addressparser/-/addressparser-0.3.2.tgz",
      "integrity": "sha512-fDlslCJpojuY1cnb7tY7COAriA7cdSzDiWyrWNdFn7Cjd+jrEgZavqkOgD/wg+eH765YPnQjqlS88OL/Q0Qtkg==",
      "license": "MIT"
    },
    "node_modules/parse-gmail-email": {
      "version": "1.1.1",
      "resolved": "https://registry.npmjs.org/parse-gmail-email/-/parse-gmail-email-1.1.1.tgz",
      "integrity": "sha512-GOYgbr4s4GroSYk7xjWP6u+H5EB+p4o6hzXi4Rm5SGE1BhywxBDxCkxvqy3Wq9y1hH7OLFJhTdxGoNnXbisL7g==",
      "deprecated": "Package no longer supported. Contact Support at https://www.npmjs.com/support for more info.",
      "license": "MIT",
      "dependencies": {
        "addressparser": "^0.3.2"
      }
    }
  }
}
